
Microsoft Visual Studio Solution File, Format Version 12.00
# Visual Studio Version 16
VisualStudioVersion = 16.0.30011.22
MinimumVisualStudioVersion = 10.0.40219.1
Project("{FAE04EC0-301F-11D3-BF4B-00C04F79EFBC}") = "IcomClockOmniRig", "IcomClockOmniRig\IcomClockOmniRig.csproj", "{5B6651E0-41F7-4DF8-B4CE-7A18661EECC6}"
EndProject
Project("{FAE04EC0-301F-11D3-BF4B-00C04F79EFBC}") = "IcomClockOmniRigTests", "IcomClockOmniRigTests\IcomClockOmniRigTests.csproj", "{35ED5600-FCB1-4DA0-AD7F-D7591D89E92F}"
EndProject
Global
	GlobalSection(SolutionConfigurationPlatforms) = preSolution
		Debug|Any CPU = Debug|Any CPU
		Release|Any CPU = Release|Any CPU
	EndGlobalSection
	GlobalSection(ProjectConfigurationPlatforms) = postSolution
		{5B6651E0-41F7-4DF8-B4CE-7A18661EECC6}.Debug|Any CPU.ActiveCfg = Debug|Any CPU
		{5B6651E0-41F7-4DF8-B4CE-7A18661EECC6}.Debug|Any CPU.Build.0 = Debug|Any CPU
		{5B6651E0-41F7-4DF8-B4CE-7A18661EECC6}.Release|Any CPU.ActiveCfg = Release|Any CPU
		{5B6651E0-41F7-4DF8-B4CE-7A18661EECC6}.Release|Any CPU.Build.0 = Release|Any CPU
		{35ED5600-FCB1-4DA0-AD7F-D7591D89E92F}.Debug|Any CPU.ActiveCfg = Debug|Any CPU
		{35ED5600-FCB1-4DA0-AD7F-D7591D89E92F}.Debug|Any CPU.Build.0 = Debug|Any CPU
		{35ED5600-FCB1-4DA0-AD7F-D7591D89E92F}.Release|Any CPU.ActiveCfg = Release|Any CPU
		{35ED5600-FCB1-4DA0-AD7F-D7591D89E92F}.Release|Any CPU.Build.0 = Release|Any CPU
	EndGlobalSection
	GlobalSection(SolutionProperties) = preSolution
		HideSolutionNode = FALSE
	EndGlobalSection
	GlobalSection(ExtensibilityGlobals) = postSolution
		SolutionGuid = {61536D38-8949-4345-B8AA-0A1BA78F5F7C}
	EndGlobalSection
EndGlobal
